{
  "originHash" : "9fac8a106e07efd68d58dafe09978cf02932b50b8a1380d6d1418fc2a4dbb775",
  "pins" : [
    {
      "identity" : "web_view_sdk_lib",
      "kind" : "remoteSourceControl",
      "location" : "https://github.com/kahdichienja/web_view_sdk_lib.git",
      "state" : {
        "branch" : "main",
        "revision" : "57ca55f396cce8325319ffb7b86026ce8466397a"
      }
    }
  ],
  "version" : 3
}
