{
  "originHash" : "9fac8a106e07efd68d58dafe09978cf02932b50b8a1380d6d1418fc2a4dbb775",
  "pins" : [
    {
      "identity" : "web_view_sdk_lib",
      "kind" : "remoteSourceControl",
      "location" : "https://github.com/kahdichienja/web_view_sdk_lib.git",
      "state" : {
        "branch" : "main",
        "revision" : "eba4a3cbd61ab183315ad399171373d94da9ba8b"
      }
    }
  ],
  "version" : 3
}
